
Microsoft Visual Studio Solution File, Format Version 12.00
# Visual Studio 15
VisualStudioVersion = 15.0.28010.2050
MinimumVisualStudioVersion = 10.0.40219.1
Project("{FAE04EC0-301F-11D3-BF4B-00C04F79EFBC}") = "APItest", "APItest\APItest.csproj", "{8B0613AF-EC01-4F7B-AA05-749B8FF59DEC}"
EndProject
Global
	GlobalSection(SolutionConfigurationPlatforms) = preSolution
		Debug|Any CPU = Debug|Any CPU
		Release|Any CPU = Release|Any CPU
	EndGlobalSection
	GlobalSection(ProjectConfigurationPlatforms) = postSolution
		{8B0613AF-EC01-4F7B-AA05-749B8FF59DEC}.Debug|Any CPU.ActiveCfg = Debug|Any CPU
		{8B0613AF-EC01-4F7B-AA05-749B8FF59DEC}.Debug|Any CPU.Build.0 = Debug|Any CPU
		{8B0613AF-EC01-4F7B-AA05-749B8FF59DEC}.Release|Any CPU.ActiveCfg = Release|Any CPU
		{8B0613AF-EC01-4F7B-AA05-749B8FF59DEC}.Release|Any CPU.Build.0 = Release|Any CPU
	EndGlobalSection
	GlobalSection(SolutionProperties) = preSolution
		HideSolutionNode = FALSE
	EndGlobalSection
	GlobalSection(ExtensibilityGlobals) = postSolution
		SolutionGuid = {9FF14526-99A2-4006-A6C8-B7C1834B0502}
	EndGlobalSection
EndGlobal
